
Microsoft Visual Studio Solution File, Format Version 12.00
# Visual Studio Version 16
VisualStudioVersion = 16.0.29025.244
MinimumVisualStudioVersion = 10.0.40219.1
Project("{FAE04EC0-301F-11D3-BF4B-00C04F79EFBC}") = "DeckServer", "DeckServer\DeckServer.csproj", "{A3F79F7E-69C0-4F5D-A94E-CBDEFA348037}"
EndProject
Global
	GlobalSection(SolutionConfigurationPlatforms) = preSolution
		Debug|Any CPU = Debug|Any CPU
		Release|Any CPU = Release|Any CPU
	EndGlobalSection
	GlobalSection(ProjectConfigurationPlatforms) = postSolution
		{A3F79F7E-69C0-4F5D-A94E-CBDEFA348037}.Debug|Any CPU.ActiveCfg = Debug|Any CPU
		{A3F79F7E-69C0-4F5D-A94E-CBDEFA348037}.Debug|Any CPU.Build.0 = Debug|Any CPU
		{A3F79F7E-69C0-4F5D-A94E-CBDEFA348037}.Release|Any CPU.ActiveCfg = Release|Any CPU
		{A3F79F7E-69C0-4F5D-A94E-CBDEFA348037}.Release|Any CPU.Build.0 = Release|Any CPU
	EndGlobalSection
	GlobalSection(SolutionProperties) = preSolution
		HideSolutionNode = FALSE
	EndGlobalSection
	GlobalSection(ExtensibilityGlobals) = postSolution
		SolutionGuid = {98667EB1-426E-4B9C-A7DC-4DB8AC69B6D3}
	EndGlobalSection
EndGlobal
